
Microsoft Visual Studio Solution File, Format Version 12.00
# Visual Studio Version 16
VisualStudioVersion = 16.0.30907.101
MinimumVisualStudioVersion = 10.0.40219.1
Project("{FAE04EC0-301F-11D3-BF4B-00C04F79EFBC}") = "WebFormsExercices", "WebFormsExercices\WebFormsExercices.csproj", "{AB9E4C35-6FF7-489A-8DC8-D65147695A16}"
EndProject
Global
	GlobalSection(SolutionConfigurationPlatforms) = preSolution
		Debug|Any CPU = Debug|Any CPU
		Release|Any CPU = Release|Any CPU
	EndGlobalSection
	GlobalSection(ProjectConfigurationPlatforms) = postSolution
		{AB9E4C35-6FF7-489A-8DC8-D65147695A16}.Debug|Any CPU.ActiveCfg = Debug|Any CPU
		{AB9E4C35-6FF7-489A-8DC8-D65147695A16}.Debug|Any CPU.Build.0 = Debug|Any CPU
		{AB9E4C35-6FF7-489A-8DC8-D65147695A16}.Release|Any CPU.ActiveCfg = Release|Any CPU
		{AB9E4C35-6FF7-489A-8DC8-D65147695A16}.Release|Any CPU.Build.0 = Release|Any CPU
	EndGlobalSection
	GlobalSection(SolutionProperties) = preSolution
		HideSolutionNode = FALSE
	EndGlobalSection
	GlobalSection(ExtensibilityGlobals) = postSolution
		SolutionGuid = {170368CD-F32C-4E99-B1D8-F01DFC44ADFB}
	EndGlobalSection
EndGlobal
